// !$*UTF8*$!
{
	archiveVersion = 1;
	classes = {
	};
	objectVersion = 56;
	objects = {

/* Begin PBXBuildFile section */
		51BCBA592B9FBB6700C0623C /* AppDelegate.swift in Sources */ = {isa = PBXBuildFile; fileRef = 51BCBA582B9FBB6700C0623C /* AppDelegate.swift */; };
		51BCBA5B2B9FBB6700C0623C /* SceneDelegate.swift in Sources */ = {isa = PBXBuildFile; fileRef = 51BCBA5A2B9FBB6700C0623C /* SceneDelegate.swift */; };
		51BCBA5D2B9FBB6700C0623C /* ViewController.swift in Sources */ = {isa = PBXBuildFile; fileRef = 51BCBA5C2B9FBB6700C0623C /* ViewController.swift */; };
		51BCBA602B9FBB6700C0623C /* Main.storyboard in Resources */ = {isa = PBXBuildFile; fileRef = 51BCBA5E2B9FBB6700C0623C /* Main.storyboard */; };
		51BCBA622B9FBB6900C0623C /* Assets.xcassets in Resources */ = {isa = PBXBuildFile; fileRef = 51BCBA612B9FBB6900C0623C /* Assets.xcassets */; };
		51BCBA652B9FBB6900C0623C /* LaunchScreen.storyboard in Resources */ = {isa = PBXBuildFile; fileRef = 51BCBA632B9FBB6900C0623C /* LaunchScreen.storyboard */; };
		51BCBA702B9FBB6900C0623C /* DemoProjectTests.swift in Sources */ = {isa = PBXBuildFile; fileRef = 51BCBA6F2B9FBB6900C0623C /* DemoProjectTests.swift */; };
		51BCBA7A2B9FBB6900C0623C /* DemoProjectUITests.swift in Sources */ = {isa = PBXBuildFile; fileRef = 51BCBA792B9FBB6900C0623C /* DemoProjectUITests.swift */; };
		51BCBA7C2B9FBB6900C0623C /* DemoProjectUITestsLaunchTests.swift in Sources */ = {isa = PBXBuildFile; fileRef = 51BCBA7B2B9FBB6900C0623C /* DemoProjectUITestsLaunchTests.swift */; };
		51BCBA892B9FBB9900C0623C /* NFCHelperKit.swift in Sources */ = {isa = PBXBuildFile; fileRef = 51BCBA882B9FBB9900C0623C /* NFCHelperKit.swift */; };
/* End PBXBuildFile section */

/* Begin PBXContainerItemProxy section */
		51BCBA6C2B9FBB6900C0623C /* PBXContainerItemProxy */ = {
			isa = PBXContainerItemProxy;
			containerPortal = 51BCBA4D2B9FBB6700C0623C /* Project object */;
			proxyType = 1;
			remoteGlobalIDString = 51BCBA542B9FBB6700C0623C;
			remoteInfo = DemoProject;
		};
		51BCBA762B9FBB6900C0623C /* PBXContainerItemProxy */ = {
			isa = PBXContainerItemProxy;
			containerPortal = 51BCBA4D2B9FBB6700C0623C /* Project object */;
			proxyType = 1;
			remoteGlobalIDString = 51BCBA542B9FBB6700C0623C;
			remoteInfo = DemoProject;
		};
/* End PBXContainerItemProxy section */

/* Begin PBXFileReference section */
		51BCBA552B9FBB6700C0623C /* DemoProject.app */ = {isa = PBXFileReference; explicitFileType = wrapper.application; includeInIndex = 0; path = DemoProject.app; sourceTree = BUILT_PRODUCTS_DIR; };
		51BCBA582B9FBB6700C0623C /* AppDelegate.swift */ = {isa = PBXFileReference; lastKnownFileType = sourcecode.swift; path = AppDelegate.swift; sourceTree = "<group>"; };
		51BCBA5A2B9FBB6700C0623C /* SceneDelegate.swift */ = {isa = PBXFileReference; lastKnownFileType = sourcecode.swift; path = SceneDelegate.swift; sourceTree = "<group>"; };
		51BCBA5C2B9FBB6700C0623C /* ViewController.swift */ = {isa = PBXFileReference; lastKnownFileType = sourcecode.swift; path = ViewController.swift; sourceTree = "<group>"; };
		51BCBA5F2B9FBB6700C0623C /* Base */ = {isa = PBXFileReference; lastKnownFileType = file.storyboard; name = Base; path = Base.lproj/Main.storyboard; sourceTree = "<group>"; };
		51BCBA612B9FBB6900C0623C /* Assets.xcassets */ = {isa = PBXFileReference; lastKnownFileType = folder.assetcatalog; path = Assets.xcassets; sourceTree = "<group>"; };
		51BCBA642B9FBB6900C0623C /* Base */ = {isa = PBXFileReference; lastKnownFileType = file.storyboard; name = Base; path = Base.lproj/LaunchScreen.storyboard; sourceTree = "<group>"; };
		51BCBA662B9FBB6900C0623C /* Info.plist */ = {isa = PBXFileReference; lastKnownFileType = text.plist.xml; path = Info.plist; sourceTree = "<group>"; };
		51BCBA6B2B9FBB6900C0623C /* DemoProjectTests.xctest */ = {isa = PBXFileReference; explicitFileType = wrapper.cfbundle; includeInIndex = 0; path = DemoProjectTests.xctest; sourceTree = BUILT_PRODUCTS_DIR; };
		51BCBA6F2B9FBB6900C0623C /* DemoProjectTests.swift */ = {isa = PBXFileReference; lastKnownFileType = sourcecode.swift; path = DemoProjectTests.swift; sourceTree = "<group>"; };
		51BCBA752B9FBB6900C0623C /* DemoProjectUITests.xctest */ = {isa = PBXFileReference; explicitFileType = wrapper.cfbundle; includeInIndex = 0; path = DemoProjectUITests.xctest; sourceTree = BUILT_PRODUCTS_DIR; };
		51BCBA792B9FBB6900C0623C /* DemoProjectUITests.swift */ = {isa = PBXFileReference; lastKnownFileType = sourcecode.swift; path = DemoProjectUITests.swift; sourceTree = "<group>"; };
		51BCBA7B2B9FBB6900C0623C /* DemoProjectUITestsLaunchTests.swift */ = {isa = PBXFileReference; lastKnownFileType = sourcecode.swift; path = DemoProjectUITestsLaunchTests.swift; sourceTree = "<group>"; };
		51BCBA882B9FBB9900C0623C /* NFCHelperKit.swift */ = {isa = PBXFileReference; lastKnownFileType = sourcecode.swift; path = NFCHelperKit.swift; sourceTree = "<group>"; };
		51BCBA8A2B9FC02F00C0623C /* DemoProject.entitlements */ = {isa = PBXFileReference; lastKnownFileType = text.plist.entitlements; path = DemoProject.entitlements; sourceTree = "<group>"; };
/* End PBXFileReference section */

/* Begin PBXFrameworksBuildPhase section */
		51BCBA522B9FBB6700C0623C /* Frameworks */ = {
			isa = PBXFrameworksBuildPhase;
			buildActionMask = 2147483647;
			files = (
			);
			runOnlyForDeploymentPostprocessing = 0;
		};
		51BCBA682B9FBB6900C0623C /* Frameworks */ = {
			isa = PBXFrameworksBuildPhase;
			buildActionMask = 2147483647;
			files = (
			);
			runOnlyForDeploymentPostprocessing = 0;
		};
		51BCBA722B9FBB6900C0623C /* Frameworks */ = {
			isa = PBXFrameworksBuildPhase;
			buildActionMask = 2147483647;
			files = (
			);
			runOnlyForDeploymentPostprocessing = 0;
		};
/* End PBXFrameworksBuildPhase section */

/* Begin PBXGroup section */
		51BCBA4C2B9FBB6700C0623C = {
			isa = PBXGroup;
			children = (
				51BCBA572B9FBB6700C0623C /* DemoProject */,
				51BCBA6E2B9FBB6900C0623C /* DemoProjectTests */,
				51BCBA782B9FBB6900C0623C /* DemoProjectUITests */,
				51BCBA562B9FBB6700C0623C /* Products */,
			);
			sourceTree = "<group>";
		};
		51BCBA562B9FBB6700C0623C /* Products */ = {
			isa = PBXGroup;
			children = (
				51BCBA552B9FBB6700C0623C /* DemoProject.app */,
				51BCBA6B2B9FBB6900C0623C /* DemoProjectTests.xctest */,
				51BCBA752B9FBB6900C0623C /* DemoProjectUITests.xctest */,
			);
			name = Products;
			sourceTree = "<group>";
		};
		51BCBA572B9FBB6700C0623C /* DemoProject */ = {
			isa = PBXGroup;
			children = (
				51BCBA8A2B9FC02F00C0623C /* DemoProject.entitlements */,
				51BCBA582B9FBB6700C0623C /* AppDelegate.swift */,
				51BCBA5A2B9FBB6700C0623C /* SceneDelegate.swift */,
				51BCBA882B9FBB9900C0623C /* NFCHelperKit.swift */,
				51BCBA5C2B9FBB6700C0623C /* ViewController.swift */,
				51BCBA5E2B9FBB6700C0623C /* Main.storyboard */,
				51BCBA612B9FBB6900C0623C /* Assets.xcassets */,
				51BCBA632B9FBB6900C0623C /* LaunchScreen.storyboard */,
				51BCBA662B9FBB6900C0623C /* Info.plist */,
			);
			path = DemoProject;
			sourceTree = "<group>";
		};
		51BCBA6E2B9FBB6900C0623C /* DemoProjectTests */ = {
			isa = PBXGroup;
			children = (
				51BCBA6F2B9FBB6900C0623C /* DemoProjectTests.swift */,
			);
			path = DemoProjectTests;
			sourceTree = "<group>";
		};
		51BCBA782B9FBB6900C0623C /* DemoProjectUITests */ = {
			isa = PBXGroup;
			children = (
				51BCBA792B9FBB6900C0623C /* DemoProjectUITests.swift */,
				51BCBA7B2B9FBB6900C0623C /* DemoProjectUITestsLaunchTests.swift */,
			);
			path = DemoProjectUITests;
			sourceTree = "<group>";
		};
/* End PBXGroup section */

/* Begin PBXNativeTarget section */
		51BCBA542B9FBB6700C0623C /* DemoProject */ = {
			isa = PBXNativeTarget;
			buildConfigurationList = 51BCBA7F2B9FBB6900C0623C /* Build configuration list for PBXNativeTarget "DemoProject" */;
			buildPhases = (
				51BCBA512B9FBB6700C0623C /* Sources */,
				51BCBA522B9FBB6700C0623C /* Frameworks */,
				51BCBA532B9FBB6700C0623C /* Resources */,
			);
			buildRules = (
			);
			dependencies = (
			);
			name = DemoProject;
			productName = DemoProject;
			productReference = 51BCBA552B9FBB6700C0623C /* DemoProject.app */;
			productType = "com.apple.product-type.application";
		};
		51BCBA6A2B9FBB6900C0623C /* DemoProjectTests */ = {
			isa = PBXNativeTarget;
			buildConfigurationList = 51BCBA822B9FBB6900C0623C /* Build configuration list for PBXNativeTarget "DemoProjectTests" */;
			buildPhases = (
				51BCBA672B9FBB6900C0623C /* Sources */,
				51BCBA682B9FBB6900C0623C /* Frameworks */,
				51BCBA692B9FBB6900C0623C /* Resources */,
			);
			buildRules = (
			);
			dependencies = (
				51BCBA6D2B9FBB6900C0623C /* PBXTargetDependency */,
			);
			name = DemoProjectTests;
			productName = DemoProjectTests;
			productReference = 51BCBA6B2B9FBB6900C0623C /* DemoProjectTests.xctest */;
			productType = "com.apple.product-type.bundle.unit-test";
		};
		51BCBA742B9FBB6900C0623C /* DemoProjectUITests */ = {
			isa = PBXNativeTarget;
			buildConfigurationList = 51BCBA852B9FBB6900C0623C /* Build configuration list for PBXNativeTarget "DemoProjectUITests" */;
			buildPhases = (
				51BCBA712B9FBB6900C0623C /* Sources */,
				51BCBA722B9FBB6900C0623C /* Frameworks */,
				51BCBA732B9FBB6900C0623C /* Resources */,
			);
			buildRules = (
			);
			dependencies = (
				51BCBA772B9FBB6900C0623C /* PBXTargetDependency */,
			);
			name = DemoProjectUITests;
			productName = DemoProjectUITests;
			productReference = 51BCBA752B9FBB6900C0623C /* DemoProjectUITests.xctest */;
			productType = "com.apple.product-type.bundle.ui-testing";
		};
/* End PBXNativeTarget section */

/* Begin PBXProject section */
		51BCBA4D2B9FBB6700C0623C /* Project object */ = {
			isa = PBXProject;
			attributes = {
				BuildIndependentTargetsInParallel = 1;
				LastSwiftUpdateCheck = 1420;
				LastUpgradeCheck = 1420;
				TargetAttributes = {
					51BCBA542B9FBB6700C0623C = {
						CreatedOnToolsVersion = 14.2;
					};
					51BCBA6A2B9FBB6900C0623C = {
						CreatedOnToolsVersion = 14.2;
						TestTargetID = 51BCBA542B9FBB6700C0623C;
					};
					51BCBA742B9FBB6900C0623C = {
						CreatedOnToolsVersion = 14.2;
						TestTargetID = 51BCBA542B9FBB6700C0623C;
					};
				};
			};
			buildConfigurationList = 51BCBA502B9FBB6700C0623C /* Build configuration list for PBXProject "DemoProject" */;
			compatibilityVersion = "Xcode 14.0";
			developmentRegion = en;
			hasScannedForEncodings = 0;
			knownRegions = (
				en,
				Base,
			);
			mainGroup = 51BCBA4C2B9FBB6700C0623C;
			productRefGroup = 51BCBA562B9FBB6700C0623C /* Products */;
			projectDirPath = "";
			projectRoot = "";
			targets = (
				51BCBA542B9FBB6700C0623C /* DemoProject */,
				51BCBA6A2B9FBB6900C0623C /* DemoProjectTests */,
				51BCBA742B9FBB6900C0623C /* DemoProjectUITests */,
			);
		};
/* End PBXProject section */

/* Begin PBXResourcesBuildPhase section */
		51BCBA532B9FBB6700C0623C /* Resources */ = {
			isa = PBXResourcesBuildPhase;
			buildActionMask = 2147483647;
			files = (
				51BCBA652B9FBB6900C0623C /* LaunchScreen.storyboard in Resources */,
				51BCBA622B9FBB6900C0623C /* Assets.xcassets in Resources */,
				51BCBA602B9FBB6700C0623C /* Main.storyboard in Resources */,
			);
			runOnlyForDeploymentPostprocessing = 0;
		};
		51BCBA692B9FBB6900C0623C /* Resources */ = {
			isa = PBXResourcesBuildPhase;
			buildActionMask = 2147483647;
			files = (
			);
			runOnlyForDeploymentPostprocessing = 0;
		};
		51BCBA732B9FBB6900C0623C /* Resources */ = {
			isa = PBXResourcesBuildPhase;
			buildActionMask = 2147483647;
			files = (
			);
			runOnlyForDeploymentPostprocessing = 0;
		};
/* End PBXResourcesBuildPhase section */

/* Begin PBXSourcesBuildPhase section */
		51BCBA512B9FBB6700C0623C /* Sources */ = {
			isa = PBXSourcesBuildPhase;
			buildActionMask = 2147483647;
			files = (
				51BCBA892B9FBB9900C0623C /* NFCHelperKit.swift in Sources */,
				51BCBA5D2B9FBB6700C0623C /* ViewController.swift in Sources */,
				51BCBA592B9FBB6700C0623C /* AppDelegate.swift in Sources */,
				51BCBA5B2B9FBB6700C0623C /* SceneDelegate.swift in Sources */,
			);
			runOnlyForDeploymentPostprocessing = 0;
		};
		51BCBA672B9FBB6900C0623C /* Sources */ = {
			isa = PBXSourcesBuildPhase;
			buildActionMask = 2147483647;
			files = (
				51BCBA702B9FBB6900C0623C /* DemoProjectTests.swift in Sources */,
			);
			runOnlyForDeploymentPostprocessing = 0;
		};
		51BCBA712B9FBB6900C0623C /* Sources */ = {
			isa = PBXSourcesBuildPhase;
			buildActionMask = 2147483647;
			files = (
				51BCBA7A2B9FBB6900C0623C /* DemoProjectUITests.swift in Sources */,
				51BCBA7C2B9FBB6900C0623C /* DemoProjectUITestsLaunchTests.swift in Sources */,
			);
			runOnlyForDeploymentPostprocessing = 0;
		};
/* End PBXSourcesBuildPhase section */

/* Begin PBXTargetDependency section */
		51BCBA6D2B9FBB6900C0623C /* PBXTargetDependency */ = {
			isa = PBXTargetDependency;
			target = 51BCBA542B9FBB6700C0623C /* DemoProject */;
			targetProxy = 51BCBA6C2B9FBB6900C0623C /* PBXContainerItemProxy */;
		};
		51BCBA772B9FBB6900C0623C /* PBXTargetDependency */ = {
			isa = PBXTargetDependency;
			target = 51BCBA542B9FBB6700C0623C /* DemoProject */;
			targetProxy = 51BCBA762B9FBB6900C0623C /* PBXContainerItemProxy */;
		};
/* End PBXTargetDependency section */

/* Begin PBXVariantGroup section */
		51BCBA5E2B9FBB6700C0623C /* Main.storyboard */ = {
			isa = PBXVariantGroup;
			children = (
				51BCBA5F2B9FBB6700C0623C /* Base */,
			);
			name = Main.storyboard;
			sourceTree = "<group>";
		};
		51BCBA632B9FBB6900C0623C /* LaunchScreen.storyboard */ = {
			isa = PBXVariantGroup;
			children = (
				51BCBA642B9FBB6900C0623C /* Base */,
			);
			name = LaunchScreen.storyboard;
			sourceTree = "<group>";
		};
/* End PBXVariantGroup section */

/* Begin XCBuildConfiguration section */
		51BCBA7D2B9FBB6900C0623C /* Debug */ = {
			isa = XCBuildConfiguration;
			buildSettings = {
				ALWAYS_SEARCH_USER_PATHS = NO;
				CLANG_ANALYZER_NONNULL = YES;
				CLANG_ANALYZER_NUMBER_OBJECT_CONVERSION = YES_AGGRESSIVE;
				CLANG_CXX_LANGUAGE_STANDARD = "gnu++20";
				CLANG_ENABLE_MODULES = YES;
				CLANG_ENABLE_OBJC_ARC = YES;
				CLANG_ENABLE_OBJC_WEAK = YES;
				CLANG_WARN_BLOCK_CAPTURE_AUTORELEASING = YES;
				CLANG_WARN_BOOL_CONVERSION = YES;
				CLANG_WARN_COMMA = YES;
				CLANG_WARN_CONSTANT_CONVERSION = YES;
				CLANG_WARN_DEPRECATED_OBJC_IMPLEMENTATIONS = YES;
				CLANG_WARN_DIRECT_OBJC_ISA_USAGE = YES_ERROR;
				CLANG_WARN_DOCUMENTATION_COMMENTS = YES;
				CLANG_WARN_EMPTY_BODY = YES;
				CLANG_WARN_ENUM_CONVERSION = YES;
				CLANG_WARN_INFINITE_RECURSION = YES;
				CLANG_WARN_INT_CONVERSION = YES;
				CLANG_WARN_NON_LITERAL_NULL_CONVERSION = YES;
				CLANG_WARN_OBJC_IMPLICIT_RETAIN_SELF = YES;
				CLANG_WARN_OBJC_LITERAL_CONVERSION = YES;
				CLANG_WARN_OBJC_ROOT_CLASS = YES_ERROR;
				CLANG_WARN_QUOTED_INCLUDE_IN_FRAMEWORK_HEADER = YES;
				CLANG_WARN_RANGE_LOOP_ANALYSIS = YES;
				CLANG_WARN_STRICT_PROTOTYPES = YES;
				CLANG_WARN_SUSPICIOUS_MOVE = YES;
				CLANG_WARN_UNGUARDED_AVAILABILITY = YES_AGGRESSIVE;
				CLANG_WARN_UNREACHABLE_CODE = YES;
				CLANG_WARN__DUPLICATE_METHOD_MATCH = YES;
				COPY_PHASE_STRIP = NO;
				DEBUG_INFORMATION_FORMAT = dwarf;
				ENABLE_STRICT_OBJC_MSGSEND = YES;
				ENABLE_TESTABILITY = YES;
				GCC_C_LANGUAGE_STANDARD = gnu11;
				GCC_DYNAMIC_NO_PIC = NO;
				GCC_NO_COMMON_BLOCKS = YES;
				GCC_OPTIMIZATION_LEVEL = 0;
				GCC_PREPROCESSOR_DEFINITIONS = (
					"DEBUG=1",
					"$(inherited)",
				);
				GCC_WARN_64_TO_32_BIT_CONVERSION = YES;
				GCC_WARN_ABOUT_RETURN_TYPE = YES_ERROR;
				GCC_WARN_UNDECLARED_SELECTOR = YES;
				GCC_WARN_UNINITIALIZED_AUTOS = YES_AGGRESSIVE;
				GCC_WARN_UNUSED_FUNCTION = YES;
				GCC_WARN_UNUSED_VARIABLE = YES;
				IPHONEOS_DEPLOYMENT_TARGET = 16.2;
				MTL_ENABLE_DEBUG_INFO = INCLUDE_SOURCE;
				MTL_FAST_MATH = YES;
				ONLY_ACTIVE_ARCH = YES;
				SDKROOT = iphoneos;
				SWIFT_ACTIVE_COMPILATION_CONDITIONS = DEBUG;
				SWIFT_OPTIMIZATION_LEVEL = "-Onone";
			};
			name = Debug;
		};
		51BCBA7E2B9FBB6900C0623C /* Release */ = {
			isa = XCBuildConfiguration;
			buildSettings = {
				ALWAYS_SEARCH_USER_PATHS = NO;
				CLANG_ANALYZER_NONNULL = YES;
				CLANG_ANALYZER_NUMBER_OBJECT_CONVERSION = YES_AGGRESSIVE;
				CLANG_CXX_LANGUAGE_STANDARD = "gnu++20";
				CLANG_ENABLE_MODULES = YES;
				CLANG_ENABLE_OBJC_ARC = YES;
				CLANG_ENABLE_OBJC_WEAK = YES;
				CLANG_WARN_BLOCK_CAPTURE_AUTORELEASING = YES;
				CLANG_WARN_BOOL_CONVERSION = YES;
				CLANG_WARN_COMMA = YES;
				CLANG_WARN_CONSTANT_CONVERSION = YES;
				CLANG_WARN_DEPRECATED_OBJC_IMPLEMENTATIONS = YES;
				CLANG_WARN_DIRECT_OBJC_ISA_USAGE = YES_ERROR;
				CLANG_WARN_DOCUMENTATION_COMMENTS = YES;
				CLANG_WARN_EMPTY_BODY = YES;
				CLANG_WARN_ENUM_CONVERSION = YES;
				CLANG_WARN_INFINITE_RECURSION = YES;
				CLANG_WARN_INT_CONVERSION = YES;
				CLANG_WARN_NON_LITERAL_NULL_CONVERSION = YES;
				CLANG_WARN_OBJC_IMPLICIT_RETAIN_SELF = YES;
				CLANG_WARN_OBJC_LITERAL_CONVERSION = YES;
				CLANG_WARN_OBJC_ROOT_CLASS = YES_ERROR;
				CLANG_WARN_QUOTED_INCLUDE_IN_FRAMEWORK_HEADER = YES;
				CLANG_WARN_RANGE_LOOP_ANALYSIS = YES;
				CLANG_WARN_STRICT_PROTOTYPES = YES;
				CLANG_WARN_SUSPICIOUS_MOVE = YES;
				CLANG_WARN_UNGUARDED_AVAILABILITY = YES_AGGRESSIVE;
				CLANG_WARN_UNREACHABLE_CODE = YES;
				CLANG_WARN__DUPLICATE_METHOD_MATCH = YES;
				COPY_PHASE_STRIP = NO;
				DEBUG_INFORMATION_FORMAT = "dwarf-with-dsym";
				ENABLE_NS_ASSERTIONS = NO;
				ENABLE_STRICT_OBJC_MSGSEND = YES;
				GCC_C_LANGUAGE_STANDARD = gnu11;
				GCC_NO_COMMON_BLOCKS = YES;
				GCC_WARN_64_TO_32_BIT_CONVERSION = YES;
				GCC_WARN_ABOUT_RETURN_TYPE = YES_ERROR;
				GCC_WARN_UNDECLARED_SELECTOR = YES;
				GCC_WARN_UNINITIALIZED_AUTOS = YES_AGGRESSIVE;
				GCC_WARN_UNUSED_FUNCTION = YES;
				GCC_WARN_UNUSED_VARIABLE = YES;
				IPHONEOS_DEPLOYMENT_TARGET = 16.2;
				MTL_ENABLE_DEBUG_INFO = NO;
				MTL_FAST_MATH = YES;
				SDKROOT = iphoneos;
				SWIFT_COMPILATION_MODE = wholemodule;
				SWIFT_OPTIMIZATION_LEVEL = "-O";
				VALIDATE_PRODUCT = YES;
			};
			name = Release;
		};
		51BCBA802B9FBB6900C0623C /* Debug */ = {
			isa = XCBuildConfiguration;
			buildSettings = {
				ASSETCATALOG_COMPILER_APPICON_NAME = AppIcon;
				ASSETCATALOG_COMPILER_GLOBAL_ACCENT_COLOR_NAME = AccentColor;
				CODE_SIGN_ENTITLEMENTS = DemoProject/DemoProject.entitlements;
				CODE_SIGN_STYLE = Automatic;
				CURRENT_PROJECT_VERSION = 1;
				DEVELOPMENT_TEAM = 848R6Y8374;
				GENERATE_INFOPLIST_FILE = YES;
				INFOPLIST_FILE = DemoProject/Info.plist;
				INFOPLIST_KEY_NFCReaderUsageDescription = "This app requires permission to access NFC to scan (read, write) NFC Tags";
				INFOPLIST_KEY_UIApplicationSupportsIndirectInputEvents = YES;
				INFOPLIST_KEY_UILaunchStoryboardName = LaunchScreen;
				INFOPLIST_KEY_UIMainStoryboardFile = Main;
				INFOPLIST_KEY_UISupportedInterfaceOrientations_iPad = "UIInterfaceOrientationPortrait UIInterfaceOrientationPortraitUpsideDown UIInterfaceOrientationLandscapeLeft UIInterfaceOrientationLandscapeRight";
				INFOPLIST_KEY_UISupportedInterfaceOrientations_iPhone = "UIInterfaceOrientationPortrait UIInterfaceOrientationLandscapeLeft UIInterfaceOrientationLandscapeRight";
				IPHONEOS_DEPLOYMENT_TARGET = 14.0;
				LD_RUNPATH_SEARCH_PATHS = (
					"$(inherited)",
					"@executable_path/Frameworks",
				);
				MARKETING_VERSION = 1.0;
				PRODUCT_BUNDLE_IDENTIFIER = com.safwan.DemoProject1;
				PRODUCT_NAME = "$(TARGET_NAME)";
				SWIFT_EMIT_LOC_STRINGS = YES;
				SWIFT_VERSION = 5.0;
				TARGETED_DEVICE_FAMILY = "1,2";
			};
			name = Debug;
		};
		51BCBA812B9FBB6900C0623C /* Release */ = {
			isa = XCBuildConfiguration;
			buildSettings = {
				ASSETCATALOG_COMPILER_APPICON_NAME = AppIcon;
				ASSETCATALOG_COMPILER_GLOBAL_ACCENT_COLOR_NAME = AccentColor;
				CODE_SIGN_ENTITLEMENTS = DemoProject/DemoProject.entitlements;
				CODE_SIGN_STYLE = Automatic;
				CURRENT_PROJECT_VERSION = 1;
				DEVELOPMENT_TEAM = 848R6Y8374;
				GENERATE_INFOPLIST_FILE = YES;
				INFOPLIST_FILE = DemoProject/Info.plist;
				INFOPLIST_KEY_NFCReaderUsageDescription = "This app requires permission to access NFC to scan (read, write) NFC Tags";
				INFOPLIST_KEY_UIApplicationSupportsIndirectInputEvents = YES;
				INFOPLIST_KEY_UILaunchStoryboardName = LaunchScreen;
				INFOPLIST_KEY_UIMainStoryboardFile = Main;
				INFOPLIST_KEY_UISupportedInterfaceOrientations_iPad = "UIInterfaceOrientationPortrait UIInterfaceOrientationPortraitUpsideDown UIInterfaceOrientationLandscapeLeft UIInterfaceOrientationLandscapeRight";
				INFOPLIST_KEY_UISupportedInterfaceOrientations_iPhone = "UIInterfaceOrientationPortrait UIInterfaceOrientationLandscapeLeft UIInterfaceOrientationLandscapeRight";
				IPHONEOS_DEPLOYMENT_TARGET = 14.0;
				LD_RUNPATH_SEARCH_PATHS = (
					"$(inherited)",
					"@executable_path/Frameworks",
				);
				MARKETING_VERSION = 1.0;
				PRODUCT_BUNDLE_IDENTIFIER = com.safwan.DemoProject1;
				PRODUCT_NAME = "$(TARGET_NAME)";
				SWIFT_EMIT_LOC_STRINGS = YES;
				SWIFT_VERSION = 5.0;
				TARGETED_DEVICE_FAMILY = "1,2";
			};
			name = Release;
		};
		51BCBA832B9FBB6900C0623C /* Debug */ = {
			isa = XCBuildConfiguration;
			buildSettings = {
				ALWAYS_EMBED_SWIFT_STANDARD_LIBRARIES = YES;
				BUNDLE_LOADER = "$(TEST_HOST)";
				CODE_SIGN_STYLE = Automatic;
				CURRENT_PROJECT_VERSION = 1;
				DEVELOPMENT_TEAM = H54DMJPN9V;
				GENERATE_INFOPLIST_FILE = YES;
				IPHONEOS_DEPLOYMENT_TARGET = 16.2;
				MARKETING_VERSION = 1.0;
				PRODUCT_BUNDLE_IDENTIFIER = com.safwan.DemoProjectTests;
				PRODUCT_NAME = "$(TARGET_NAME)";
				SWIFT_EMIT_LOC_STRINGS = NO;
				SWIFT_VERSION = 5.0;
				TARGETED_DEVICE_FAMILY = "1,2";
				TEST_HOST = "$(BUILT_PRODUCTS_DIR)/DemoProject.app/$(BUNDLE_EXECUTABLE_FOLDER_PATH)/DemoProject";
			};
			name = Debug;
		};
		51BCBA842B9FBB6900C0623C /* Release */ = {
			isa = XCBuildConfiguration;
			buildSettings = {
				ALWAYS_EMBED_SWIFT_STANDARD_LIBRARIES = YES;
				BUNDLE_LOADER = "$(TEST_HOST)";
				CODE_SIGN_STYLE = Automatic;
				CURRENT_PROJECT_VERSION = 1;
				DEVELOPMENT_TEAM = H54DMJPN9V;
				GENERATE_INFOPLIST_FILE = YES;
				IPHONEOS_DEPLOYMENT_TARGET = 16.2;
				MARKETING_VERSION = 1.0;
				PRODUCT_BUNDLE_IDENTIFIER = com.safwan.DemoProjectTests;
				PRODUCT_NAME = "$(TARGET_NAME)";
				SWIFT_EMIT_LOC_STRINGS = NO;
				SWIFT_VERSION = 5.0;
				TARGETED_DEVICE_FAMILY = "1,2";
				TEST_HOST = "$(BUILT_PRODUCTS_DIR)/DemoProject.app/$(BUNDLE_EXECUTABLE_FOLDER_PATH)/DemoProject";
			};
			name = Release;
		};
		51BCBA862B9FBB6900C0623C /* Debug */ = {
			isa = XCBuildConfiguration;
			buildSettings = {
				ALWAYS_EMBED_SWIFT_STANDARD_LIBRARIES = YES;
				CODE_SIGN_STYLE = Automatic;
				CURRENT_PROJECT_VERSION = 1;
				DEVELOPMENT_TEAM = H54DMJPN9V;
				GENERATE_INFOPLIST_FILE = YES;
				MARKETING_VERSION = 1.0;
				PRODUCT_BUNDLE_IDENTIFIER = com.safwan.DemoProjectUITests;
				PRODUCT_NAME = "$(TARGET_NAME)";
				SWIFT_EMIT_LOC_STRINGS = NO;
				SWIFT_VERSION = 5.0;
				TARGETED_DEVICE_FAMILY = "1,2";
				TEST_TARGET_NAME = DemoProject;
			};
			name = Debug;
		};
		51BCBA872B9FBB6900C0623C /* Release */ = {
			isa = XCBuildConfiguration;
			buildSettings = {
				ALWAYS_EMBED_SWIFT_STANDARD_LIBRARIES = YES;
				CODE_SIGN_STYLE = Automatic;
				CURRENT_PROJECT_VERSION = 1;
				DEVELOPMENT_TEAM = H54DMJPN9V;
				GENERATE_INFOPLIST_FILE = YES;
				MARKETING_VERSION = 1.0;
				PRODUCT_BUNDLE_IDENTIFIER = com.safwan.DemoProjectUITests;
				PRODUCT_NAME = "$(TARGET_NAME)";
				SWIFT_EMIT_LOC_STRINGS = NO;
				SWIFT_VERSION = 5.0;
				TARGETED_DEVICE_FAMILY = "1,2";
				TEST_TARGET_NAME = DemoProject;
			};
			name = Release;
		};
/* End XCBuildConfiguration section */

/* Begin XCConfigurationList section */
		51BCBA502B9FBB6700C0623C /* Build configuration list for PBXProject "DemoProject" */ = {
			isa = XCConfigurationList;
			buildConfigurations = (
				51BCBA7D2B9FBB6900C0623C /* Debug */,
				51BCBA7E2B9FBB6900C0623C /* Release */,
			);
			defaultConfigurationIsVisible = 0;
			defaultConfigurationName = Release;
		};
		51BCBA7F2B9FBB6900C0623C /* Build configuration list for PBXNativeTarget "DemoProject" */ = {
			isa = XCConfigurationList;
			buildConfigurations = (
				51BCBA802B9FBB6900C0623C /* Debug */,
				51BCBA812B9FBB6900C0623C /* Release */,
			);
			defaultConfigurationIsVisible = 0;
			defaultConfigurationName = Release;
		};
		51BCBA822B9FBB6900C0623C /* Build configuration list for PBXNativeTarget "DemoProjectTests" */ = {
			isa = XCConfigurationList;
			buildConfigurations = (
				51BCBA832B9FBB6900C0623C /* Debug */,
				51BCBA842B9FBB6900C0623C /* Release */,
			);
			defaultConfigurationIsVisible = 0;
			defaultConfigurationName = Release;
		};
		51BCBA852B9FBB6900C0623C /* Build configuration list for PBXNativeTarget "DemoProjectUITests" */ = {
			isa = XCConfigurationList;
			buildConfigurations = (
				51BCBA862B9FBB6900C0623C /* Debug */,
				51BCBA872B9FBB6900C0623C /* Release */,
			);
			defaultConfigurationIsVisible = 0;
			defaultConfigurationName = Release;
		};
/* End XCConfigurationList section */
	};
	rootObject = 51BCBA4D2B9FBB6700C0623C /* Project object */;
}
